
Microsoft Visual Studio Solution File, Format Version 12.00
# Visual Studio Version 17
VisualStudioVersion = 17.0.31903.59
MinimumVisualStudioVersion = 10.0.40219.1
Project("{FAE04EC0-301F-11D3-BF4B-00C04F79EFBC}") = "PersonalProjectBlocksAPI", "PersonalProjectBlocksAPI.WebApi\PersonalProjectBlocksAPI.csproj", "{0F5FF4A8-FE5A-CD43-6ACC-910544D26B97}"
EndProject
Project("{FAE04EC0-301F-11D3-BF4B-00C04F79EFBC}") = "PersonalProjectBlocksAPI.test", "PersonalProjectBlocksAPI.WebApi.test\PersonalProjectBlocksAPI.test.csproj", "{0EBE1022-BDD9-7865-A7B7-F1F93F1777EF}"
EndProject
Global
	GlobalSection(SolutionConfigurationPlatforms) = preSolution
		Debug|Any CPU = Debug|Any CPU
		Release|Any CPU = Release|Any CPU
	EndGlobalSection
	GlobalSection(ProjectConfigurationPlatforms) = postSolution
		{0F5FF4A8-FE5A-CD43-6ACC-910544D26B97}.Debug|Any CPU.ActiveCfg = Debug|Any CPU
		{0F5FF4A8-FE5A-CD43-6ACC-910544D26B97}.Debug|Any CPU.Build.0 = Debug|Any CPU
		{0F5FF4A8-FE5A-CD43-6ACC-910544D26B97}.Release|Any CPU.ActiveCfg = Release|Any CPU
		{0F5FF4A8-FE5A-CD43-6ACC-910544D26B97}.Release|Any CPU.Build.0 = Release|Any CPU
		{0EBE1022-BDD9-7865-A7B7-F1F93F1777EF}.Debug|Any CPU.ActiveCfg = Debug|Any CPU
		{0EBE1022-BDD9-7865-A7B7-F1F93F1777EF}.Debug|Any CPU.Build.0 = Debug|Any CPU
		{0EBE1022-BDD9-7865-A7B7-F1F93F1777EF}.Release|Any CPU.ActiveCfg = Release|Any CPU
		{0EBE1022-BDD9-7865-A7B7-F1F93F1777EF}.Release|Any CPU.Build.0 = Release|Any CPU
	EndGlobalSection
	GlobalSection(SolutionProperties) = preSolution
		HideSolutionNode = FALSE
	EndGlobalSection
EndGlobal
